
Microsoft Visual Studio Solution File, Format Version 12.00
# Visual Studio 2012
Project("{D954291E-2A0B-460D-934E-DC6B0785DB48}") = "FormsDocumentInteraction", "Forms\FormsDocumentInteraction\FormsDocumentInteraction.shproj", "{62BC0162-10B3-41A1-B023-21910E3E4779}"
EndProject
Project("{FAE04EC0-301F-11D3-BF4B-00C04F79EFBC}") = "FormsDocumentInteraction.iOS", "Forms\iOS\FormsDocumentInteraction.iOS.csproj", "{AC64818B-6346-4A20-A76B-66481A0CFAA2}"
EndProject
Global
	GlobalSection(SolutionConfigurationPlatforms) = preSolution
		Debug|iPhoneSimulator = Debug|iPhoneSimulator
		Release|iPhone = Release|iPhone
		Release|iPhoneSimulator = Release|iPhoneSimulator
		Debug|iPhone = Debug|iPhone
	EndGlobalSection
	GlobalSection(ProjectConfigurationPlatforms) = postSolution
		{AC64818B-6346-4A20-A76B-66481A0CFAA2}.Debug|iPhoneSimulator.ActiveCfg = Debug|iPhoneSimulator
		{AC64818B-6346-4A20-A76B-66481A0CFAA2}.Debug|iPhoneSimulator.Build.0 = Debug|iPhoneSimulator
		{AC64818B-6346-4A20-A76B-66481A0CFAA2}.Release|iPhone.ActiveCfg = Release|iPhone
		{AC64818B-6346-4A20-A76B-66481A0CFAA2}.Release|iPhone.Build.0 = Release|iPhone
		{AC64818B-6346-4A20-A76B-66481A0CFAA2}.Release|iPhoneSimulator.ActiveCfg = Release|iPhoneSimulator
		{AC64818B-6346-4A20-A76B-66481A0CFAA2}.Release|iPhoneSimulator.Build.0 = Release|iPhoneSimulator
		{AC64818B-6346-4A20-A76B-66481A0CFAA2}.Debug|iPhone.ActiveCfg = Debug|iPhone
		{AC64818B-6346-4A20-A76B-66481A0CFAA2}.Debug|iPhone.Build.0 = Debug|iPhone
	EndGlobalSection
EndGlobal
